PODS:
  - Alamofire (4.8.1)
  - Swinject (2.6.0)

DEPENDENCIES:
  - Alamofire
  - Swinject

SPEC REPOS:
  https://github.com/cocoapods/specs.git:
    - Alamofire
    - Swinject

SPEC CHECKSUMS:
  Alamofire: 16ce2c353fb72865124ddae8a57c5942388f4f11
  Swinject: 48a96cda93633cf2860697b4ce76ab5db9ebaca2

PODFILE CHECKSUM: 01c8980b9a4057a95ca98fde29e1e977bb61c4d8

COCOAPODS: 1.6.1
