// !$*UTF8*$!
{
	archiveVersion = 1;
	classes = {
	};
	objectVersion = 50;
	objects = {

/* Begin PBXBuildFile section */
		4264D6184B64D63065121F15 /* Pods_GBShopTests.framework in Frameworks */ = {isa = PBXBuildFile; fileRef = 1ECD484D1447A2B4E74F2D6B /* Pods_GBShopTests.framework */; };
		842ABF41226DBA4E0039AAB5 /* AbstractErrorParser.swift in Sources */ = {isa = PBXBuildFile; fileRef = 842ABF40226DBA4E0039AAB5 /* AbstractErrorParser.swift */; };
		842ABF43226DBA740039AAB5 /* ErrorParser.swift in Sources */ = {isa = PBXBuildFile; fileRef = 842ABF42226DBA740039AAB5 /* ErrorParser.swift */; };
		842ABF45226DBA9F0039AAB5 /* DataRequest.swift in Sources */ = {isa = PBXBuildFile; fileRef = 842ABF44226DBA9F0039AAB5 /* DataRequest.swift */; };
		842ABF47226DBC010039AAB5 /* RequestRouter.swift in Sources */ = {isa = PBXBuildFile; fileRef = 842ABF46226DBC010039AAB5 /* RequestRouter.swift */; };
		842ABF49226DC6640039AAB5 /* LoginResult.swift in Sources */ = {isa = PBXBuildFile; fileRef = 842ABF48226DC6640039AAB5 /* LoginResult.swift */; };
		842ABF4C226DCAD20039AAB5 /* LoginRequestFactory.swift in Sources */ = {isa = PBXBuildFile; fileRef = 842ABF4B226DCAD20039AAB5 /* LoginRequestFactory.swift */; };
		842ABF4E226DCB2A0039AAB5 /* LoginRequest.swift in Sources */ = {isa = PBXBuildFile; fileRef = 842ABF4D226DCB2A0039AAB5 /* LoginRequest.swift */; };
		842ABF50226DCBFF0039AAB5 /* RequestFactory.swift in Sources */ = {isa = PBXBuildFile; fileRef = 842ABF4F226DCBFF0039AAB5 /* RequestFactory.swift */; };
		842ABF52226DD0CD0039AAB5 /* Logout.swift in Sources */ = {isa = PBXBuildFile; fileRef = 842ABF51226DD0CD0039AAB5 /* Logout.swift */; };
		842ABF56226DD1680039AAB5 /* LogoutRequestFactory.swift in Sources */ = {isa = PBXBuildFile; fileRef = 842ABF55226DD1680039AAB5 /* LogoutRequestFactory.swift */; };
		842ABF58226DD2180039AAB5 /* LogoutResult.swift in Sources */ = {isa = PBXBuildFile; fileRef = 842ABF57226DD2180039AAB5 /* LogoutResult.swift */; };
		842ABF5B226EC8B70039AAB5 /* ChangeProfile.swift in Sources */ = {isa = PBXBuildFile; fileRef = 842ABF5A226EC8B70039AAB5 /* ChangeProfile.swift */; };
		842ABF5D226EC8CB0039AAB5 /* ChangeProfileRequestFactory.swift in Sources */ = {isa = PBXBuildFile; fileRef = 842ABF5C226EC8CB0039AAB5 /* ChangeProfileRequestFactory.swift */; };
		842ABF5F226EC9FB0039AAB5 /* ChangeProfileResult.swift in Sources */ = {isa = PBXBuildFile; fileRef = 842ABF5E226EC9FB0039AAB5 /* ChangeProfileResult.swift */; };
		842BF7C3228E78E300E9499D /* Registration.storyboard in Resources */ = {isa = PBXBuildFile; fileRef = 842BF7C2228E78E300E9499D /* Registration.storyboard */; };
		842BF7C5228E7AB000E9499D /* RegistrationViewController.swift in Sources */ = {isa = PBXBuildFile; fileRef = 842BF7C4228E7AB000E9499D /* RegistrationViewController.swift */; };
		842BF7C8228E7CC100E9499D /* RegistrationRequestFactory.swift in Sources */ = {isa = PBXBuildFile; fileRef = 842BF7C7228E7CC100E9499D /* RegistrationRequestFactory.swift */; };
		842BF7CA228E7CD300E9499D /* RegistrationRequest.swift in Sources */ = {isa = PBXBuildFile; fileRef = 842BF7C9228E7CD300E9499D /* RegistrationRequest.swift */; };
		842BF7CC228E7D4E00E9499D /* RegistrationResult.swift in Sources */ = {isa = PBXBuildFile; fileRef = 842BF7CB228E7D4E00E9499D /* RegistrationResult.swift */; };
		842BF7CF228E803800E9499D /* Login.storyboard in Resources */ = {isa = PBXBuildFile; fileRef = 842BF7CE228E803800E9499D /* Login.storyboard */; };
		842BF7D1228E804E00E9499D /* LoginViewController.swift in Sources */ = {isa = PBXBuildFile; fileRef = 842BF7D0228E804E00E9499D /* LoginViewController.swift */; };
		842BF7D8228E850D00E9499D /* LoginPresenterProtocol.swift in Sources */ = {isa = PBXBuildFile; fileRef = 842BF7D7228E850D00E9499D /* LoginPresenterProtocol.swift */; };
		842BF7DA228E851900E9499D /* LoginPresenter.swift in Sources */ = {isa = PBXBuildFile; fileRef = 842BF7D9228E851900E9499D /* LoginPresenter.swift */; };
		842BF7DC228E87D400E9499D /* LoginViewProtocol.swift in Sources */ = {isa = PBXBuildFile; fileRef = 842BF7DB228E87D400E9499D /* LoginViewProtocol.swift */; };
		842BF7DF228EBAC100E9499D /* RegistrationViewProtocol.swift in Sources */ = {isa = PBXBuildFile; fileRef = 842BF7DE228EBAC100E9499D /* RegistrationViewProtocol.swift */; };
		842BF7E2228EBBC400E9499D /* RegistrationPresenterProtocol.swift in Sources */ = {isa = PBXBuildFile; fileRef = 842BF7E1228EBBC400E9499D /* RegistrationPresenterProtocol.swift */; };
		842BF7E4228EBBD100E9499D /* RegistrationPresenter.swift in Sources */ = {isa = PBXBuildFile; fileRef = 842BF7E3228EBBD100E9499D /* RegistrationPresenter.swift */; };
		842BF7E7228ECB1000E9499D /* LoginModel.swift in Sources */ = {isa = PBXBuildFile; fileRef = 842BF7E6228ECB1000E9499D /* LoginModel.swift */; };
		842BF7E9228ECCDA00E9499D /* RegistrationModel.swift in Sources */ = {isa = PBXBuildFile; fileRef = 842BF7E8228ECCDA00E9499D /* RegistrationModel.swift */; };
		843080BC22892FC100E02F95 /* GetBasketRequest.swift in Sources */ = {isa = PBXBuildFile; fileRef = 843080BB22892FC000E02F95 /* GetBasketRequest.swift */; };
		843080BE22892FDD00E02F95 /* GetBasketRequestFactory.swift in Sources */ = {isa = PBXBuildFile; fileRef = 843080BD22892FDD00E02F95 /* GetBasketRequestFactory.swift */; };
		843080C022892FF500E02F95 /* AddToBasketRequest.swift in Sources */ = {isa = PBXBuildFile; fileRef = 843080BF22892FF500E02F95 /* AddToBasketRequest.swift */; };
		843080C222892FFA00E02F95 /* AddToBasketRequestFactory.swift in Sources */ = {isa = PBXBuildFile; fileRef = 843080C122892FFA00E02F95 /* AddToBasketRequestFactory.swift */; };
		843080C42289300E00E02F95 /* DeleteFromBasketRequest.swift in Sources */ = {isa = PBXBuildFile; fileRef = 843080C32289300E00E02F95 /* DeleteFromBasketRequest.swift */; };
		843080C62289301500E02F95 /* DeleteFromBasketRequestFactory.swift in Sources */ = {isa = PBXBuildFile; fileRef = 843080C52289301500E02F95 /* DeleteFromBasketRequestFactory.swift */; };
		843080C82289302A00E02F95 /* AddToBasketResult.swift in Sources */ = {isa = PBXBuildFile; fileRef = 843080C72289302A00E02F95 /* AddToBasketResult.swift */; };
		843080CA2289303400E02F95 /* DeleteFromBasketResult.swift in Sources */ = {isa = PBXBuildFile; fileRef = 843080C92289303400E02F95 /* DeleteFromBasketResult.swift */; };
		843080CC2289303C00E02F95 /* GetBasketResult.swift in Sources */ = {isa = PBXBuildFile; fileRef = 843080CB2289303C00E02F95 /* GetBasketResult.swift */; };
		843080CE2289305200E02F95 /* BasketTests.swift in Sources */ = {isa = PBXBuildFile; fileRef = 843080CD2289305200E02F95 /* BasketTests.swift */; };
		8A3A06C7BE1A2FF202FAACE6 /* Pods_GBShopUITests.framework in Frameworks */ = {isa = PBXBuildFile; fileRef = 5684453B96B6E5A3DAC93C6F /* Pods_GBShopUITests.framework */; };
		AA8B4AE52268C5AA00B9DE15 /* AppDelegate.swift in Sources */ = {isa = PBXBuildFile; fileRef = AA8B4AE42268C5AA00B9DE15 /* AppDelegate.swift */; };
		AA8B4AEC2268C5AC00B9DE15 /* Assets.xcassets in Resources */ = {isa = PBXBuildFile; fileRef = AA8B4AEB2268C5AC00B9DE15 /* Assets.xcassets */; };
		AA8B4AEF2268C5AC00B9DE15 /* LaunchScreen.storyboard in Resources */ = {isa = PBXBuildFile; fileRef = AA8B4AED2268C5AC00B9DE15 /* LaunchScreen.storyboard */; };
		AA8B4AFA2268C5AC00B9DE15 /* GBShopTests.swift in Sources */ = {isa = PBXBuildFile; fileRef = AA8B4AF92268C5AC00B9DE15 /* GBShopTests.swift */; };
		AA8B4B052268C5AC00B9DE15 /* GBShopUITests.swift in Sources */ = {isa = PBXBuildFile; fileRef = AA8B4B042268C5AC00B9DE15 /* GBShopUITests.swift */; };
		AAE88AB2227310B6006AF755 /* ProductResult.swift in Sources */ = {isa = PBXBuildFile; fileRef = AAE88AB1227310B6006AF755 /* ProductResult.swift */; };
		AAE88AB4227310CB006AF755 /* ProductRequest.swift in Sources */ = {isa = PBXBuildFile; fileRef = AAE88AB3227310CB006AF755 /* ProductRequest.swift */; };
		AAE88AB6227310DA006AF755 /* ProductRequestFactory.swift in Sources */ = {isa = PBXBuildFile; fileRef = AAE88AB5227310DA006AF755 /* ProductRequestFactory.swift */; };
		AAE88AB92273117D006AF755 /* CatalogData.swift in Sources */ = {isa = PBXBuildFile; fileRef = AAE88AB82273117D006AF755 /* CatalogData.swift */; };
		AAE88ABB22731192006AF755 /* CatalogDataRequestFactory.swift in Sources */ = {isa = PBXBuildFile; fileRef = AAE88ABA22731192006AF755 /* CatalogDataRequestFactory.swift */; };
		AAE88ABD227311A4006AF755 /* CatalogDataResult.swift in Sources */ = {isa = PBXBuildFile; fileRef = AAE88ABC227311A4006AF755 /* CatalogDataResult.swift */; };
		AAE88AC0227311E8006AF755 /* ProductTests.swift in Sources */ = {isa = PBXBuildFile; fileRef = AAE88ABF227311E8006AF755 /* ProductTests.swift */; };
		AAE88AC322731206006AF755 /* LoginTests.swift in Sources */ = {isa = PBXBuildFile; fileRef = AAE88AC222731206006AF755 /* LoginTests.swift */; };
		AAE88AC622731223006AF755 /* LogoutTests.swift in Sources */ = {isa = PBXBuildFile; fileRef = AAE88AC522731223006AF755 /* LogoutTests.swift */; };
		AAE88AC922731249006AF755 /* CatalogDataTests.swift in Sources */ = {isa = PBXBuildFile; fileRef = AAE88AC822731249006AF755 /* CatalogDataTests.swift */; };
		AAE88ACC22731272006AF755 /* ChangeProfileTests.swift in Sources */ = {isa = PBXBuildFile; fileRef = AAE88ACB22731272006AF755 /* ChangeProfileTests.swift */; };
		AAE88AD02273136F006AF755 /* .empty in Resources */ = {isa = PBXBuildFile; fileRef = AAE88ACF2273136F006AF755 /* .empty */; };
		AAFB9DA622815AE600DD5B22 /* ReviewsRequest.swift in Sources */ = {isa = PBXBuildFile; fileRef = AAFB9DA522815AE600DD5B22 /* ReviewsRequest.swift */; };
		AAFB9DA822815AFE00DD5B22 /* ReviewsRequestFactory.swift in Sources */ = {isa = PBXBuildFile; fileRef = AAFB9DA722815AFE00DD5B22 /* ReviewsRequestFactory.swift */; };
		AAFB9DAA22815B3F00DD5B22 /* ReviewsResult.swift in Sources */ = {isa = PBXBuildFile; fileRef = AAFB9DA922815B3F00DD5B22 /* ReviewsResult.swift */; };
		AAFB9DAD22815BBE00DD5B22 /* AddReviewRequest.swift in Sources */ = {isa = PBXBuildFile; fileRef = AAFB9DAC22815BBE00DD5B22 /* AddReviewRequest.swift */; };
		AAFB9DAF22815BD200DD5B22 /* AddReviewRequestFactory.swift in Sources */ = {isa = PBXBuildFile; fileRef = AAFB9DAE22815BD200DD5B22 /* AddReviewRequestFactory.swift */; };
		AAFB9DB122815BE700DD5B22 /* AddReviewResult.swift in Sources */ = {isa = PBXBuildFile; fileRef = AAFB9DB022815BE700DD5B22 /* AddReviewResult.swift */; };
		AAFB9DB322815BFE00DD5B22 /* RemoveReviewResult.swift in Sources */ = {isa = PBXBuildFile; fileRef = AAFB9DB222815BFE00DD5B22 /* RemoveReviewResult.swift */; };
		AAFB9DB622815C2100DD5B22 /* RemoveReviewRequest.swift in Sources */ = {isa = PBXBuildFile; fileRef = AAFB9DB522815C2100DD5B22 /* RemoveReviewRequest.swift */; };
		AAFB9DB822815C3600DD5B22 /* RemoveReviewRequestFactory.swift in Sources */ = {isa = PBXBuildFile; fileRef = AAFB9DB722815C3600DD5B22 /* RemoveReviewRequestFactory.swift */; };
		AAFB9DBB22815C5D00DD5B22 /* ReviewsTests.swift in Sources */ = {isa = PBXBuildFile; fileRef = AAFB9DBA22815C5D00DD5B22 /* ReviewsTests.swift */; };
		AAFB9DBD228160F500DD5B22 /* .empty1 in Resources */ = {isa = PBXBuildFile; fileRef = AAFB9DBC228160F500DD5B22 /* .empty1 */; };
		C8A928F99D0C1BD960FF08AF /* Pods_GBShop.framework in Frameworks */ = {isa = PBXBuildFile; fileRef = 813A017F26E2F2CCF9481328 /* Pods_GBShop.framework */; };
/* End PBXBuildFile section */

/* Begin PBXContainerItemProxy section */
		AA8B4AF62268C5AC00B9DE15 /* PBXContainerItemProxy */ = {
			isa = PBXContainerItemProxy;
			containerPortal = AA8B4AD92268C5AA00B9DE15 /* Project object */;
			proxyType = 1;
			remoteGlobalIDString = AA8B4AE02268C5AA00B9DE15;
			remoteInfo = GBShop;
		};
		AA8B4B012268C5AC00B9DE15 /* PBXContainerItemProxy */ = {
			isa = PBXContainerItemProxy;
			containerPortal = AA8B4AD92268C5AA00B9DE15 /* Project object */;
			proxyType = 1;
			remoteGlobalIDString = AA8B4AE02268C5AA00B9DE15;
			remoteInfo = GBShop;
		};
/* End PBXContainerItemProxy section */

/* Begin PBXFileReference section */
		140367F5C7441B33CB78491E /* Pods-GBShopTests.release.xcconfig */ = {isa = PBXFileReference; includeInIndex = 1; lastKnownFileType = text.xcconfig; name = "Pods-GBShopTests.release.xcconfig"; path = "Target Support Files/Pods-GBShopTests/Pods-GBShopTests.release.xcconfig"; sourceTree = "<group>"; };
		1ECD484D1447A2B4E74F2D6B /* Pods_GBShopTests.framework */ = {isa = PBXFileReference; explicitFileType = wrapper.framework; includeInIndex = 0; path = Pods_GBShopTests.framework; sourceTree = BUILT_PRODUCTS_DIR; };
		41AE15CF65F1463B82FE7AF4 /* Pods-GBShopUITests.release.xcconfig */ = {isa = PBXFileReference; includeInIndex = 1; lastKnownFileType = text.xcconfig; name = "Pods-GBShopUITests.release.xcconfig"; path = "Target Support Files/Pods-GBShopUITests/Pods-GBShopUITests.release.xcconfig"; sourceTree = "<group>"; };
		4407675F79452E8E709B83B2 /* Pods-GBShop.debug.xcconfig */ = {isa = PBXFileReference; includeInIndex = 1; lastKnownFileType = text.xcconfig; name = "Pods-GBShop.debug.xcconfig"; path = "Target Support Files/Pods-GBShop/Pods-GBShop.debug.xcconfig"; sourceTree = "<group>"; };
		523DF1F598ECE0FF265A1B63 /* Pods-GBShopUITests.debug.xcconfig */ = {isa = PBXFileReference; includeInIndex = 1; lastKnownFileType = text.xcconfig; name = "Pods-GBShopUITests.debug.xcconfig"; path = "Target Support Files/Pods-GBShopUITests/Pods-GBShopUITests.debug.xcconfig"; sourceTree = "<group>"; };
		5684453B96B6E5A3DAC93C6F /* Pods_GBShopUITests.framework */ = {isa = PBXFileReference; explicitFileType = wrapper.framework; includeInIndex = 0; path = Pods_GBShopUITests.framework; sourceTree = BUILT_PRODUCTS_DIR; };
		66D4BE282B5F76D572CB120B /* Pods-GBShopTests.debug.xcconfig */ = {isa = PBXFileReference; includeInIndex = 1; lastKnownFileType = text.xcconfig; name = "Pods-GBShopTests.debug.xcconfig"; path = "Target Support Files/Pods-GBShopTests/Pods-GBShopTests.debug.xcconfig"; sourceTree = "<group>"; };
		813A017F26E2F2CCF9481328 /* Pods_GBShop.framework */ = {isa = PBXFileReference; explicitFileType = wrapper.framework; includeInIndex = 0; path = Pods_GBShop.framework; sourceTree = BUILT_PRODUCTS_DIR; };
		842ABF40226DBA4E0039AAB5 /* AbstractErrorParser.swift */ = {isa = PBXFileReference; lastKnownFileType = sourcecode.swift; path = AbstractErrorParser.swift; sourceTree = "<group>"; };
		842ABF42226DBA740039AAB5 /* ErrorParser.swift */ = {isa = PBXFileReference; lastKnownFileType = sourcecode.swift; path = ErrorParser.swift; sourceTree = "<group>"; };
		842ABF44226DBA9F0039AAB5 /* DataRequest.swift */ = {isa = PBXFileReference; lastKnownFileType = sourcecode.swift; path = DataRequest.swift; sourceTree = "<group>"; };
		842ABF46226DBC010039AAB5 /* RequestRouter.swift */ = {isa = PBXFileReference; lastKnownFileType = sourcecode.swift; path = RequestRouter.swift; sourceTree = "<group>"; };
		842ABF48226DC6640039AAB5 /* LoginResult.swift */ = {isa = PBXFileReference; lastKnownFileType = sourcecode.swift; name = LoginResult.swift; path = GBShop/App/Entity/Results/LoginResult.swift; sourceTree = SOURCE_ROOT; };
		842ABF4B226DCAD20039AAB5 /* LoginRequestFactory.swift */ = {isa = PBXFileReference; lastKnownFileType = sourcecode.swift; path = LoginRequestFactory.swift; sourceTree = "<group>"; };
		842ABF4D226DCB2A0039AAB5 /* LoginRequest.swift */ = {isa = PBXFileReference; lastKnownFileType = sourcecode.swift; path = LoginRequest.swift; sourceTree = "<group>"; };
		842ABF4F226DCBFF0039AAB5 /* RequestFactory.swift */ = {isa = PBXFileReference; lastKnownFileType = sourcecode.swift; path = RequestFactory.swift; sourceTree = "<group>"; };
		842ABF51226DD0CD0039AAB5 /* Logout.swift */ = {isa = PBXFileReference; lastKnownFileType = sourcecode.swift; path = Logout.swift; sourceTree = "<group>"; };
		842ABF55226DD1680039AAB5 /* LogoutRequestFactory.swift */ = {isa = PBXFileReference; lastKnownFileType = sourcecode.swift; path = LogoutRequestFactory.swift; sourceTree = "<group>"; };
		842ABF57226DD2180039AAB5 /* LogoutResult.swift */ = {isa = PBXFileReference; lastKnownFileType = sourcecode.swift; name = LogoutResult.swift; path = GBShop/App/Entity/Results/LogoutResult.swift; sourceTree = SOURCE_ROOT; };
		842ABF5A226EC8B70039AAB5 /* ChangeProfile.swift */ = {isa = PBXFileReference; lastKnownFileType = sourcecode.swift; path = ChangeProfile.swift; sourceTree = "<group>"; };
		842ABF5C226EC8CB0039AAB5 /* ChangeProfileRequestFactory.swift */ = {isa = PBXFileReference; lastKnownFileType = sourcecode.swift; path = ChangeProfileRequestFactory.swift; sourceTree = "<group>"; };
		842ABF5E226EC9FB0039AAB5 /* ChangeProfileResult.swift */ = {isa = PBXFileReference; lastKnownFileType = sourcecode.swift; name = ChangeProfileResult.swift; path = GBShop/App/Entity/Results/ChangeProfileResult.swift; sourceTree = SOURCE_ROOT; };
		842BF7C2228E78E300E9499D /* Registration.storyboard */ = {isa = PBXFileReference; lastKnownFileType = file.storyboard; path = Registration.storyboard; sourceTree = "<group>"; };
		842BF7C4228E7AB000E9499D /* RegistrationViewController.swift */ = {isa = PBXFileReference; lastKnownFileType = sourcecode.swift; path = RegistrationViewController.swift; sourceTree = "<group>"; };
		842BF7C7228E7CC100E9499D /* RegistrationRequestFactory.swift */ = {isa = PBXFileReference; lastKnownFileType = sourcecode.swift; path = RegistrationRequestFactory.swift; sourceTree = "<group>"; };
		842BF7C9228E7CD300E9499D /* RegistrationRequest.swift */ = {isa = PBXFileReference; lastKnownFileType = sourcecode.swift; path = RegistrationRequest.swift; sourceTree = "<group>"; };
		842BF7CB228E7D4E00E9499D /* RegistrationResult.swift */ = {isa = PBXFileReference; lastKnownFileType = sourcecode.swift; path = RegistrationResult.swift; sourceTree = "<group>"; };
		842BF7CE228E803800E9499D /* Login.storyboard */ = {isa = PBXFileReference; lastKnownFileType = file.storyboard; path = Login.storyboard; sourceTree = "<group>"; };
		842BF7D0228E804E00E9499D /* LoginViewController.swift */ = {isa = PBXFileReference; lastKnownFileType = sourcecode.swift; path = LoginViewController.swift; sourceTree = "<group>"; };
		842BF7D7228E850D00E9499D /* LoginPresenterProtocol.swift */ = {isa = PBXFileReference; lastKnownFileType = sourcecode.swift; path = LoginPresenterProtocol.swift; sourceTree = "<group>"; };
		842BF7D9228E851900E9499D /* LoginPresenter.swift */ = {isa = PBXFileReference; lastKnownFileType = sourcecode.swift; path = LoginPresenter.swift; sourceTree = "<group>"; };
		842BF7DB228E87D400E9499D /* LoginViewProtocol.swift */ = {isa = PBXFileReference; lastKnownFileType = sourcecode.swift; path = LoginViewProtocol.swift; sourceTree = "<group>"; };
		842BF7DE228EBAC100E9499D /* RegistrationViewProtocol.swift */ = {isa = PBXFileReference; lastKnownFileType = sourcecode.swift; path = RegistrationViewProtocol.swift; sourceTree = "<group>"; };
		842BF7E1228EBBC400E9499D /* RegistrationPresenterProtocol.swift */ = {isa = PBXFileReference; lastKnownFileType = sourcecode.swift; path = RegistrationPresenterProtocol.swift; sourceTree = "<group>"; };
		842BF7E3228EBBD100E9499D /* RegistrationPresenter.swift */ = {isa = PBXFileReference; lastKnownFileType = sourcecode.swift; path = RegistrationPresenter.swift; sourceTree = "<group>"; };
		842BF7E6228ECB1000E9499D /* LoginModel.swift */ = {isa = PBXFileReference; lastKnownFileType = sourcecode.swift; path = LoginModel.swift; sourceTree = "<group>"; };
		842BF7E8228ECCDA00E9499D /* RegistrationModel.swift */ = {isa = PBXFileReference; lastKnownFileType = sourcecode.swift; path = RegistrationModel.swift; sourceTree = "<group>"; };
		843080BB22892FC000E02F95 /* GetBasketRequest.swift */ = {isa = PBXFileReference; fileEncoding = 4; lastKnownFileType = sourcecode.swift; path = GetBasketRequest.swift; sourceTree = "<group>"; };
		843080BD22892FDD00E02F95 /* GetBasketRequestFactory.swift */ = {isa = PBXFileReference; fileEncoding = 4; lastKnownFileType = sourcecode.swift; path = GetBasketRequestFactory.swift; sourceTree = "<group>"; };
		843080BF22892FF500E02F95 /* AddToBasketRequest.swift */ = {isa = PBXFileReference; fileEncoding = 4; lastKnownFileType = sourcecode.swift; path = AddToBasketRequest.swift; sourceTree = "<group>"; };
		843080C122892FFA00E02F95 /* AddToBasketRequestFactory.swift */ = {isa = PBXFileReference; fileEncoding = 4; lastKnownFileType = sourcecode.swift; path = AddToBasketRequestFactory.swift; sourceTree = "<group>"; };
		843080C32289300E00E02F95 /* DeleteFromBasketRequest.swift */ = {isa = PBXFileReference; fileEncoding = 4; lastKnownFileType = sourcecode.swift; path = DeleteFromBasketRequest.swift; sourceTree = "<group>"; };
		843080C52289301500E02F95 /* DeleteFromBasketRequestFactory.swift */ = {isa = PBXFileReference; fileEncoding = 4; lastKnownFileType = sourcecode.swift; path = DeleteFromBasketRequestFactory.swift; sourceTree = "<group>"; };
		843080C72289302A00E02F95 /* AddToBasketResult.swift */ = {isa = PBXFileReference; fileEncoding = 4; lastKnownFileType = sourcecode.swift; path = AddToBasketResult.swift; sourceTree = "<group>"; };
		843080C92289303400E02F95 /* DeleteFromBasketResult.swift */ = {isa = PBXFileReference; fileEncoding = 4; lastKnownFileType = sourcecode.swift; path = DeleteFromBasketResult.swift; sourceTree = "<group>"; };
		843080CB2289303C00E02F95 /* GetBasketResult.swift */ = {isa = PBXFileReference; fileEncoding = 4; lastKnownFileType = sourcecode.swift; path = GetBasketResult.swift; sourceTree = "<group>"; };
		843080CD2289305200E02F95 /* BasketTests.swift */ = {isa = PBXFileReference; fileEncoding = 4; lastKnownFileType = sourcecode.swift; path = BasketTests.swift; sourceTree = "<group>"; };
		AA8B4AE12268C5AA00B9DE15 /* GBShop.app */ = {isa = PBXFileReference; explicitFileType = wrapper.application; includeInIndex = 0; path = GBShop.app; sourceTree = BUILT_PRODUCTS_DIR; };
		AA8B4AE42268C5AA00B9DE15 /* AppDelegate.swift */ = {isa = PBXFileReference; lastKnownFileType = sourcecode.swift; path = AppDelegate.swift; sourceTree = "<group>"; };
		AA8B4AEB2268C5AC00B9DE15 /* Assets.xcassets */ = {isa = PBXFileReference; lastKnownFileType = folder.assetcatalog; path = Assets.xcassets; sourceTree = "<group>"; };
		AA8B4AEE2268C5AC00B9DE15 /* Base */ = {isa = PBXFileReference; lastKnownFileType = file.storyboard; name = Base; path = Base.lproj/LaunchScreen.storyboard; sourceTree = "<group>"; };
		AA8B4AF02268C5AC00B9DE15 /* Info.plist */ = {isa = PBXFileReference; lastKnownFileType = text.plist.xml; path = Info.plist; sourceTree = "<group>"; };
		AA8B4AF52268C5AC00B9DE15 /* GBShopTests.xctest */ = {isa = PBXFileReference; explicitFileType = wrapper.cfbundle; includeInIndex = 0; path = GBShopTests.xctest; sourceTree = BUILT_PRODUCTS_DIR; };
		AA8B4AF92268C5AC00B9DE15 /* GBShopTests.swift */ = {isa = PBXFileReference; lastKnownFileType = sourcecode.swift; path = GBShopTests.swift; sourceTree = "<group>"; };
		AA8B4AFB2268C5AC00B9DE15 /* Info.plist */ = {isa = PBXFileReference; lastKnownFileType = text.plist.xml; path = Info.plist; sourceTree = "<group>"; };
		AA8B4B002268C5AC00B9DE15 /* GBShopUITests.xctest */ = {isa = PBXFileReference; explicitFileType = wrapper.cfbundle; includeInIndex = 0; path = GBShopUITests.xctest; sourceTree = BUILT_PRODUCTS_DIR; };
		AA8B4B042268C5AC00B9DE15 /* GBShopUITests.swift */ = {isa = PBXFileReference; lastKnownFileType = sourcecode.swift; path = GBShopUITests.swift; sourceTree = "<group>"; };
		AA8B4B062268C5AC00B9DE15 /* Info.plist */ = {isa = PBXFileReference; lastKnownFileType = text.plist.xml; path = Info.plist; sourceTree = "<group>"; };
		AAE88AB1227310B6006AF755 /* ProductResult.swift */ = {isa = PBXFileReference; lastKnownFileType = sourcecode.swift; path = ProductResult.swift; sourceTree = "<group>"; };
		AAE88AB3227310CB006AF755 /* ProductRequest.swift */ = {isa = PBXFileReference; lastKnownFileType = sourcecode.swift; path = ProductRequest.swift; sourceTree = "<group>"; };
		AAE88AB5227310DA006AF755 /* ProductRequestFactory.swift */ = {isa = PBXFileReference; lastKnownFileType = sourcecode.swift; path = ProductRequestFactory.swift; sourceTree = "<group>"; };
		AAE88AB82273117D006AF755 /* CatalogData.swift */ = {isa = PBXFileReference; lastKnownFileType = sourcecode.swift; path = CatalogData.swift; sourceTree = "<group>"; };
		AAE88ABA22731192006AF755 /* CatalogDataRequestFactory.swift */ = {isa = PBXFileReference; lastKnownFileType = sourcecode.swift; path = CatalogDataRequestFactory.swift; sourceTree = "<group>"; };
		AAE88ABC227311A4006AF755 /* CatalogDataResult.swift */ = {isa = PBXFileReference; lastKnownFileType = sourcecode.swift; path = CatalogDataResult.swift; sourceTree = "<group>"; };
		AAE88ABF227311E8006AF755 /* ProductTests.swift */ = {isa = PBXFileReference; lastKnownFileType = sourcecode.swift; path = ProductTests.swift; sourceTree = "<group>"; };
		AAE88AC222731206006AF755 /* LoginTests.swift */ = {isa = PBXFileReference; lastKnownFileType = sourcecode.swift; path = LoginTests.swift; sourceTree = "<group>"; };
		AAE88AC522731223006AF755 /* LogoutTests.swift */ = {isa = PBXFileReference; lastKnownFileType = sourcecode.swift; path = LogoutTests.swift; sourceTree = "<group>"; };
		AAE88AC822731249006AF755 /* CatalogDataTests.swift */ = {isa = PBXFileReference; lastKnownFileType = sourcecode.swift; path = CatalogDataTests.swift; sourceTree = "<group>"; };
		AAE88ACB22731272006AF755 /* ChangeProfileTests.swift */ = {isa = PBXFileReference; lastKnownFileType = sourcecode.swift; path = ChangeProfileTests.swift; sourceTree = "<group>"; };
		AAE88ACF2273136F006AF755 /* .empty */ = {isa = PBXFileReference; lastKnownFileType = text; path = .empty; sourceTree = "<group>"; };
		AAFB9DA522815AE600DD5B22 /* ReviewsRequest.swift */ = {isa = PBXFileReference; lastKnownFileType = sourcecode.swift; path = ReviewsRequest.swift; sourceTree = "<group>"; };
		AAFB9DA722815AFE00DD5B22 /* ReviewsRequestFactory.swift */ = {isa = PBXFileReference; lastKnownFileType = sourcecode.swift; path = ReviewsRequestFactory.swift; sourceTree = "<group>"; };
		AAFB9DA922815B3F00DD5B22 /* ReviewsResult.swift */ = {isa = PBXFileReference; lastKnownFileType = sourcecode.swift; path = ReviewsResult.swift; sourceTree = "<group>"; };
		AAFB9DAC22815BBE00DD5B22 /* AddReviewRequest.swift */ = {isa = PBXFileReference; lastKnownFileType = sourcecode.swift; path = AddReviewRequest.swift; sourceTree = "<group>"; };
		AAFB9DAE22815BD200DD5B22 /* AddReviewRequestFactory.swift */ = {isa = PBXFileReference; lastKnownFileType = sourcecode.swift; path = AddReviewRequestFactory.swift; sourceTree = "<group>"; };
		AAFB9DB022815BE700DD5B22 /* AddReviewResult.swift */ = {isa = PBXFileReference; lastKnownFileType = sourcecode.swift; path = AddReviewResult.swift; sourceTree = "<group>"; };
		AAFB9DB222815BFE00DD5B22 /* RemoveReviewResult.swift */ = {isa = PBXFileReference; lastKnownFileType = sourcecode.swift; path = RemoveReviewResult.swift; sourceTree = "<group>"; };
		AAFB9DB522815C2100DD5B22 /* RemoveReviewRequest.swift */ = {isa = PBXFileReference; lastKnownFileType = sourcecode.swift; path = RemoveReviewRequest.swift; sourceTree = "<group>"; };
		AAFB9DB722815C3600DD5B22 /* RemoveReviewRequestFactory.swift */ = {isa = PBXFileReference; lastKnownFileType = sourcecode.swift; path = RemoveReviewRequestFactory.swift; sourceTree = "<group>"; };
		AAFB9DBA22815C5D00DD5B22 /* ReviewsTests.swift */ = {isa = PBXFileReference; lastKnownFileType = sourcecode.swift; path = ReviewsTests.swift; sourceTree = "<group>"; };
		AAFB9DBC228160F500DD5B22 /* .empty1 */ = {isa = PBXFileReference; fileEncoding = 4; lastKnownFileType = text; path = .empty1; sourceTree = "<group>"; };
		BCCAA5F5FDE134834B4444FE /* Pods-GBShop.release.xcconfig */ = {isa = PBXFileReference; includeInIndex = 1; lastKnownFileType = text.xcconfig; name = "Pods-GBShop.release.xcconfig"; path = "Target Support Files/Pods-GBShop/Pods-GBShop.release.xcconfig"; sourceTree = "<group>"; };
/* End PBXFileReference section */

/* Begin PBXFrameworksBuildPhase section */
		AA8B4ADE2268C5AA00B9DE15 /* Frameworks */ = {
			isa = PBXFrameworksBuildPhase;
			buildActionMask = 2147483647;
			files = (
				C8A928F99D0C1BD960FF08AF /* Pods_GBShop.framework in Frameworks */,
			);
			runOnlyForDeploymentPostprocessing = 0;
		};
		AA8B4AF22268C5AC00B9DE15 /* Frameworks */ = {
			isa = PBXFrameworksBuildPhase;
			buildActionMask = 2147483647;
			files = (
				4264D6184B64D63065121F15 /* Pods_GBShopTests.framework in Frameworks */,
			);
			runOnlyForDeploymentPostprocessing = 0;
		};
		AA8B4AFD2268C5AC00B9DE15 /* Frameworks */ = {
			isa = PBXFrameworksBuildPhase;
			buildActionMask = 2147483647;
			files = (
				8A3A06C7BE1A2FF202FAACE6 /* Pods_GBShopUITests.framework in Frameworks */,
			);
			runOnlyForDeploymentPostprocessing = 0;
		};
/* End PBXFrameworksBuildPhase section */

/* Begin PBXGroup section */
		842ABF3F226DB9F10039AAB5 /* Network */ = {
			isa = PBXGroup;
			children = (
				842ABF40226DBA4E0039AAB5 /* AbstractErrorParser.swift */,
				842ABF42226DBA740039AAB5 /* ErrorParser.swift */,
				842ABF44226DBA9F0039AAB5 /* DataRequest.swift */,
				842ABF46226DBC010039AAB5 /* RequestRouter.swift */,
			);
			path = Network;
			sourceTree = "<group>";
		};
		842ABF4A226DCAAA0039AAB5 /* BusinessLogic */ = {
			isa = PBXGroup;
			children = (
				842BF7D4228E84D900E9499D /* Presenters */,
				842BF7D3228E84B800E9499D /* Requests */,
			);
			path = BusinessLogic;
			sourceTree = "<group>";
		};
		842ABF53226DD1360039AAB5 /* Login */ = {
			isa = PBXGroup;
			children = (
				842ABF4D226DCB2A0039AAB5 /* LoginRequest.swift */,
				842ABF4B226DCAD20039AAB5 /* LoginRequestFactory.swift */,
			);
			path = Login;
			sourceTree = "<group>";
		};
		842ABF54226DD1470039AAB5 /* Logout */ = {
			isa = PBXGroup;
			children = (
				842ABF51226DD0CD0039AAB5 /* Logout.swift */,
				842ABF55226DD1680039AAB5 /* LogoutRequestFactory.swift */,
			);
			path = Logout;
			sourceTree = "<group>";
		};
		842ABF59226EC88D0039AAB5 /* Change Profile */ = {
			isa = PBXGroup;
			children = (
				842ABF5A226EC8B70039AAB5 /* ChangeProfile.swift */,
				842ABF5C226EC8CB0039AAB5 /* ChangeProfileRequestFactory.swift */,
			);
			path = "Change Profile";
			sourceTree = "<group>";
		};
		842BF7C1228E74A700E9499D /* Registration */ = {
			isa = PBXGroup;
			children = (
				842BF7C2228E78E300E9499D /* Registration.storyboard */,
				842BF7C4228E7AB000E9499D /* RegistrationViewController.swift */,
				842BF7DE228EBAC100E9499D /* RegistrationViewProtocol.swift */,
			);
			path = Registration;
			sourceTree = "<group>";
		};
		842BF7C6228E7CA100E9499D /* Registration */ = {
			isa = PBXGroup;
			children = (
				842BF7C9228E7CD300E9499D /* RegistrationRequest.swift */,
				842BF7C7228E7CC100E9499D /* RegistrationRequestFactory.swift */,
			);
			path = Registration;
			sourceTree = "<group>";
		};
		842BF7CD228E802700E9499D /* Login */ = {
			isa = PBXGroup;
			children = (
				842BF7CE228E803800E9499D /* Login.storyboard */,
				842BF7D0228E804E00E9499D /* LoginViewController.swift */,
				842BF7DB228E87D400E9499D /* LoginViewProtocol.swift */,
			);
			path = Login;
			sourceTree = "<group>";
		};
		842BF7D2228E832300E9499D /* Results */ = {
			isa = PBXGroup;
			children = (
				AAE88ABC227311A4006AF755 /* CatalogDataResult.swift */,
				842ABF5E226EC9FB0039AAB5 /* ChangeProfileResult.swift */,
				842ABF48226DC6640039AAB5 /* LoginResult.swift */,
				842ABF57226DD2180039AAB5 /* LogoutResult.swift */,
				AAE88AB1227310B6006AF755 /* ProductResult.swift */,
				AAFB9DA922815B3F00DD5B22 /* ReviewsResult.swift */,
				AAFB9DB022815BE700DD5B22 /* AddReviewResult.swift */,
				AAFB9DB222815BFE00DD5B22 /* RemoveReviewResult.swift */,
				843080C72289302A00E02F95 /* AddToBasketResult.swift */,
				843080C92289303400E02F95 /* DeleteFromBasketResult.swift */,
				843080CB2289303C00E02F95 /* GetBasketResult.swift */,
				842BF7CB228E7D4E00E9499D /* RegistrationResult.swift */,
			);
			path = Results;
			sourceTree = "<group>";
		};
		842BF7D3228E84B800E9499D /* Requests */ = {
			isa = PBXGroup;
			children = (
				842ABF53226DD1360039AAB5 /* Login */,
				842ABF54226DD1470039AAB5 /* Logout */,
				842BF7C6228E7CA100E9499D /* Registration */,
				842ABF59226EC88D0039AAB5 /* Change Profile */,
				843080B0228925BC00E02F95 /* GetBasket */,
				843080A22289228300E02F95 /* AddToBasket */,
				843080A9228923F900E02F95 /* DeleteFromBasket */,
				AAFB9DAB22815BAE00DD5B22 /* AddReview */,
				AAFB9DB422815C0C00DD5B22 /* RemoveReview */,
				AAFB9DA422815ACF00DD5B22 /* GetReviews */,
				AAE88AB72273116A006AF755 /* Catalog Data */,
				AAE88AAA22731021006AF755 /* Profile */,
				842ABF4F226DCBFF0039AAB5 /* RequestFactory.swift */,
			);
			path = Requests;
			sourceTree = "<group>";
		};
		842BF7D4228E84D900E9499D /* Presenters */ = {
			isa = PBXGroup;
			children = (
				842BF7D5228E84E800E9499D /* Login */,
				842BF7E0228EBBA600E9499D /* Registration */,
			);
			path = Presenters;
			sourceTree = "<group>";
		};
		842BF7D5228E84E800E9499D /* Login */ = {
			isa = PBXGroup;
			children = (
				842BF7D7228E850D00E9499D /* LoginPresenterProtocol.swift */,
				842BF7D9228E851900E9499D /* LoginPresenter.swift */,
			);
			path = Login;
			sourceTree = "<group>";
		};
		842BF7E0228EBBA600E9499D /* Registration */ = {
			isa = PBXGroup;
			children = (
				842BF7E1228EBBC400E9499D /* RegistrationPresenterProtocol.swift */,
				842BF7E3228EBBD100E9499D /* RegistrationPresenter.swift */,
			);
			path = Registration;
			sourceTree = "<group>";
		};
		842BF7E5228ECAF200E9499D /* Models */ = {
			isa = PBXGroup;
			children = (
				842BF7E6228ECB1000E9499D /* LoginModel.swift */,
				842BF7E8228ECCDA00E9499D /* RegistrationModel.swift */,
			);
			path = Models;
			sourceTree = "<group>";
		};
		843080A22289228300E02F95 /* AddToBasket */ = {
			isa = PBXGroup;
			children = (
				843080BF22892FF500E02F95 /* AddToBasketRequest.swift */,
				843080C122892FFA00E02F95 /* AddToBasketRequestFactory.swift */,
			);
			path = AddToBasket;
			sourceTree = "<group>";
		};
		843080A9228923F900E02F95 /* DeleteFromBasket */ = {
			isa = PBXGroup;
			children = (
				843080C32289300E00E02F95 /* DeleteFromBasketRequest.swift */,
				843080C52289301500E02F95 /* DeleteFromBasketRequestFactory.swift */,
			);
			path = DeleteFromBasket;
			sourceTree = "<group>";
		};
		843080B0228925BC00E02F95 /* GetBasket */ = {
			isa = PBXGroup;
			children = (
				843080BB22892FC000E02F95 /* GetBasketRequest.swift */,
				843080BD22892FDD00E02F95 /* GetBasketRequestFactory.swift */,
			);
			path = GetBasket;
			sourceTree = "<group>";
		};
		843080B8228927B000E02F95 /* Basket */ = {
			isa = PBXGroup;
			children = (
				843080CD2289305200E02F95 /* BasketTests.swift */,
			);
			path = Basket;
			sourceTree = "<group>";
		};
		AA8B4AD82268C5AA00B9DE15 = {
			isa = PBXGroup;
			children = (
				AA8B4AE32268C5AA00B9DE15 /* GBShop */,
				AA8B4AF82268C5AC00B9DE15 /* GBShopTests */,
				AA8B4B032268C5AC00B9DE15 /* GBShopUITests */,
				AA8B4AE22268C5AA00B9DE15 /* Products */,
				C9874EBFEB4A90DD72114EF9 /* Pods */,
				C3E2216A2DA7143CC679A243 /* Frameworks */,
			);
			sourceTree = "<group>";
		};
		AA8B4AE22268C5AA00B9DE15 /* Products */ = {
			isa = PBXGroup;
			children = (
				AA8B4AE12268C5AA00B9DE15 /* GBShop.app */,
				AA8B4AF52268C5AC00B9DE15 /* GBShopTests.xctest */,
				AA8B4B002268C5AC00B9DE15 /* GBShopUITests.xctest */,
			);
			name = Products;
			sourceTree = "<group>";
		};
		AA8B4AE32268C5AA00B9DE15 /* GBShop */ = {
			isa = PBXGroup;
			children = (
				AA8B4B122268CCE900B9DE15 /* App */,
				AA8B4B172268CD2000B9DE15 /* Core */,
				AA8B4B182268CD2900B9DE15 /* Resources */,
				AA8B4B192268CD2F00B9DE15 /* Environments */,
			);
			path = GBShop;
			sourceTree = "<group>";
		};
		AA8B4AF82268C5AC00B9DE15 /* GBShopTests */ = {
			isa = PBXGroup;
			children = (
				843080B8228927B000E02F95 /* Basket */,
				AAFB9DB922815C4700DD5B22 /* Reviews */,
				AAE88AC72273123A006AF755 /* CatalogData */,
				AAE88ACA22731263006AF755 /* ChangeProfile */,
				AAE88AC1227311F1006AF755 /* Login */,
				AAE88AC42273120F006AF755 /* Logout */,
				AAE88ABE227311DA006AF755 /* Product */,
				AA8B4AF92268C5AC00B9DE15 /* GBShopTests.swift */,
				AA8B4AFB2268C5AC00B9DE15 /* Info.plist */,
			);
			path = GBShopTests;
			sourceTree = "<group>";
		};
		AA8B4B032268C5AC00B9DE15 /* GBShopUITests */ = {
			isa = PBXGroup;
			children = (
				AA8B4B042268C5AC00B9DE15 /* GBShopUITests.swift */,
				AA8B4B062268C5AC00B9DE15 /* Info.plist */,
			);
			path = GBShopUITests;
			sourceTree = "<group>";
		};
		AA8B4B122268CCE900B9DE15 /* App */ = {
			isa = PBXGroup;
			children = (
				AA8B4AE42268C5AA00B9DE15 /* AppDelegate.swift */,
				AA8B4B132268CCF200B9DE15 /* BusinessLogic */,
				AA8B4B142268CD0100B9DE15 /* Entity */,
				AA8B4B152268CD0600B9DE15 /* Assembly */,
				AA8B4B162268CD0F00B9DE15 /* Flows */,
			);
			path = App;
			sourceTree = "<group>";
		};
		AA8B4B132268CCF200B9DE15 /* BusinessLogic */ = {
			isa = PBXGroup;
			children = (
				842ABF4A226DCAAA0039AAB5 /* BusinessLogic */,
			);
			path = BusinessLogic;
			sourceTree = "<group>";
		};
		AA8B4B142268CD0100B9DE15 /* Entity */ = {
			isa = PBXGroup;
			children = (
				842BF7E5228ECAF200E9499D /* Models */,
				842BF7D2228E832300E9499D /* Results */,
			);
			path = Entity;
			sourceTree = "<group>";
		};
		AA8B4B152268CD0600B9DE15 /* Assembly */ = {
			isa = PBXGroup;
			children = (
				AAFB9DBC228160F500DD5B22 /* .empty1 */,
			);
			path = Assembly;
			sourceTree = "<group>";
		};
		AA8B4B162268CD0F00B9DE15 /* Flows */ = {
			isa = PBXGroup;
			children = (
				842BF7CD228E802700E9499D /* Login */,
				842BF7C1228E74A700E9499D /* Registration */,
				AAE88ACF2273136F006AF755 /* .empty */,
			);
			path = Flows;
			sourceTree = "<group>";
		};
		AA8B4B172268CD2000B9DE15 /* Core */ = {
			isa = PBXGroup;
			children = (
				842ABF3F226DB9F10039AAB5 /* Network */,
			);
			path = Core;
			sourceTree = "<group>";
		};
		AA8B4B182268CD2900B9DE15 /* Resources */ = {
			isa = PBXGroup;
			children = (
				AA8B4AEB2268C5AC00B9DE15 /* Assets.xcassets */,
				AA8B4AED2268C5AC00B9DE15 /* LaunchScreen.storyboard */,
			);
			path = Resources;
			sourceTree = "<group>";
		};
		AA8B4B192268CD2F00B9DE15 /* Environments */ = {
			isa = PBXGroup;
			children = (
				AA8B4AF02268C5AC00B9DE15 /* Info.plist */,
			);
			path = Environments;
			sourceTree = "<group>";
		};
		AAE88AAA22731021006AF755 /* Profile */ = {
			isa = PBXGroup;
			children = (
				AAE88AB3227310CB006AF755 /* ProductRequest.swift */,
				AAE88AB5227310DA006AF755 /* ProductRequestFactory.swift */,
			);
			path = Profile;
			sourceTree = "<group>";
		};
		AAE88AB72273116A006AF755 /* Catalog Data */ = {
			isa = PBXGroup;
			children = (
				AAE88AB82273117D006AF755 /* CatalogData.swift */,
				AAE88ABA22731192006AF755 /* CatalogDataRequestFactory.swift */,
			);
			path = "Catalog Data";
			sourceTree = "<group>";
		};
		AAE88ABE227311DA006AF755 /* Product */ = {
			isa = PBXGroup;
			children = (
				AAE88ABF227311E8006AF755 /* ProductTests.swift */,
			);
			path = Product;
			sourceTree = "<group>";
		};
		AAE88AC1227311F1006AF755 /* Login */ = {
			isa = PBXGroup;
			children = (
				AAE88AC222731206006AF755 /* LoginTests.swift */,
			);
			path = Login;
			sourceTree = "<group>";
		};
		AAE88AC42273120F006AF755 /* Logout */ = {
			isa = PBXGroup;
			children = (
				AAE88AC522731223006AF755 /* LogoutTests.swift */,
			);
			path = Logout;
			sourceTree = "<group>";
		};
		AAE88AC72273123A006AF755 /* CatalogData */ = {
			isa = PBXGroup;
			children = (
				AAE88AC822731249006AF755 /* CatalogDataTests.swift */,
			);
			path = CatalogData;
			sourceTree = "<group>";
		};
		AAE88ACA22731263006AF755 /* ChangeProfile */ = {
			isa = PBXGroup;
			children = (
				AAE88ACB22731272006AF755 /* ChangeProfileTests.swift */,
			);
			path = ChangeProfile;
			sourceTree = "<group>";
		};
		AAFB9DA422815ACF00DD5B22 /* GetReviews */ = {
			isa = PBXGroup;
			children = (
				AAFB9DA522815AE600DD5B22 /* ReviewsRequest.swift */,
				AAFB9DA722815AFE00DD5B22 /* ReviewsRequestFactory.swift */,
			);
			path = GetReviews;
			sourceTree = "<group>";
		};
		AAFB9DAB22815BAE00DD5B22 /* AddReview */ = {
			isa = PBXGroup;
			children = (
				AAFB9DAC22815BBE00DD5B22 /* AddReviewRequest.swift */,
				AAFB9DAE22815BD200DD5B22 /* AddReviewRequestFactory.swift */,
			);
			path = AddReview;
			sourceTree = "<group>";
		};
		AAFB9DB422815C0C00DD5B22 /* RemoveReview */ = {
			isa = PBXGroup;
			children = (
				AAFB9DB522815C2100DD5B22 /* RemoveReviewRequest.swift */,
				AAFB9DB722815C3600DD5B22 /* RemoveReviewRequestFactory.swift */,
			);
			path = RemoveReview;
			sourceTree = "<group>";
		};
		AAFB9DB922815C4700DD5B22 /* Reviews */ = {
			isa = PBXGroup;
			children = (
				AAFB9DBA22815C5D00DD5B22 /* ReviewsTests.swift */,
			);
			path = Reviews;
			sourceTree = "<group>";
		};
		C3E2216A2DA7143CC679A243 /* Frameworks */ = {
			isa = PBXGroup;
			children = (
				813A017F26E2F2CCF9481328 /* Pods_GBShop.framework */,
				1ECD484D1447A2B4E74F2D6B /* Pods_GBShopTests.framework */,
				5684453B96B6E5A3DAC93C6F /* Pods_GBShopUITests.framework */,
			);
			name = Frameworks;
			sourceTree = "<group>";
		};
		C9874EBFEB4A90DD72114EF9 /* Pods */ = {
			isa = PBXGroup;
			children = (
				4407675F79452E8E709B83B2 /* Pods-GBShop.debug.xcconfig */,
				BCCAA5F5FDE134834B4444FE /* Pods-GBShop.release.xcconfig */,
				66D4BE282B5F76D572CB120B /* Pods-GBShopTests.debug.xcconfig */,
				140367F5C7441B33CB78491E /* Pods-GBShopTests.release.xcconfig */,
				523DF1F598ECE0FF265A1B63 /* Pods-GBShopUITests.debug.xcconfig */,
				41AE15CF65F1463B82FE7AF4 /* Pods-GBShopUITests.release.xcconfig */,
			);
			path = Pods;
			sourceTree = "<group>";
		};
/* End PBXGroup section */

/* Begin PBXNativeTarget section */
		AA8B4AE02268C5AA00B9DE15 /* GBShop */ = {
			isa = PBXNativeTarget;
			buildConfigurationList = AA8B4B092268C5AC00B9DE15 /* Build configuration list for PBXNativeTarget "GBShop" */;
			buildPhases = (
				8C25F33A4ECF5C80D99E4F54 /* [CP] Check Pods Manifest.lock */,
				AA8B4ADD2268C5AA00B9DE15 /* Sources */,
				AA8B4ADE2268C5AA00B9DE15 /* Frameworks */,
				AA8B4ADF2268C5AA00B9DE15 /* Resources */,
				DC58FEC16472F169633F2BC5 /* [CP] Embed Pods Frameworks */,
			);
			buildRules = (
			);
			dependencies = (
			);
			name = GBShop;
			productName = GBShop;
			productReference = AA8B4AE12268C5AA00B9DE15 /* GBShop.app */;
			productType = "com.apple.product-type.application";
		};
		AA8B4AF42268C5AC00B9DE15 /* GBShopTests */ = {
			isa = PBXNativeTarget;
			buildConfigurationList = AA8B4B0C2268C5AC00B9DE15 /* Build configuration list for PBXNativeTarget "GBShopTests" */;
			buildPhases = (
				C596A356045C5C74E372D350 /* [CP] Check Pods Manifest.lock */,
				AA8B4AF12268C5AC00B9DE15 /* Sources */,
				AA8B4AF22268C5AC00B9DE15 /* Frameworks */,
				AA8B4AF32268C5AC00B9DE15 /* Resources */,
			);
			buildRules = (
			);
			dependencies = (
				AA8B4AF72268C5AC00B9DE15 /* PBXTargetDependency */,
			);
			name = GBShopTests;
			productName = GBShopTests;
			productReference = AA8B4AF52268C5AC00B9DE15 /* GBShopTests.xctest */;
			productType = "com.apple.product-type.bundle.unit-test";
		};
		AA8B4AFF2268C5AC00B9DE15 /* GBShopUITests */ = {
			isa = PBXNativeTarget;
			buildConfigurationList = AA8B4B0F2268C5AC00B9DE15 /* Build configuration list for PBXNativeTarget "GBShopUITests" */;
			buildPhases = (
				7C3E70E245A9AD396CF9FDDA /* [CP] Check Pods Manifest.lock */,
				AA8B4AFC2268C5AC00B9DE15 /* Sources */,
				AA8B4AFD2268C5AC00B9DE15 /* Frameworks */,
				AA8B4AFE2268C5AC00B9DE15 /* Resources */,
			);
			buildRules = (
			);
			dependencies = (
				AA8B4B022268C5AC00B9DE15 /* PBXTargetDependency */,
			);
			name = GBShopUITests;
			productName = GBShopUITests;
			productReference = AA8B4B002268C5AC00B9DE15 /* GBShopUITests.xctest */;
			productType = "com.apple.product-type.bundle.ui-testing";
		};
/* End PBXNativeTarget section */

/* Begin PBXProject section */
		AA8B4AD92268C5AA00B9DE15 /* Project object */ = {
			isa = PBXProject;
			attributes = {
				LastSwiftUpdateCheck = 1010;
				LastUpgradeCheck = 1010;
				ORGANIZATIONNAME = "Марат Нургалиев";
				TargetAttributes = {
					AA8B4AE02268C5AA00B9DE15 = {
						CreatedOnToolsVersion = 10.1;
					};
					AA8B4AF42268C5AC00B9DE15 = {
						CreatedOnToolsVersion = 10.1;
						TestTargetID = AA8B4AE02268C5AA00B9DE15;
					};
					AA8B4AFF2268C5AC00B9DE15 = {
						CreatedOnToolsVersion = 10.1;
						TestTargetID = AA8B4AE02268C5AA00B9DE15;
					};
				};
			};
			buildConfigurationList = AA8B4ADC2268C5AA00B9DE15 /* Build configuration list for PBXProject "GBShop" */;
			compatibilityVersion = "Xcode 9.3";
			developmentRegion = en;
			hasScannedForEncodings = 0;
			knownRegions = (
				en,
				Base,
			);
			mainGroup = AA8B4AD82268C5AA00B9DE15;
			productRefGroup = AA8B4AE22268C5AA00B9DE15 /* Products */;
			projectDirPath = "";
			projectRoot = "";
			targets = (
				AA8B4AE02268C5AA00B9DE15 /* GBShop */,
				AA8B4AF42268C5AC00B9DE15 /* GBShopTests */,
				AA8B4AFF2268C5AC00B9DE15 /* GBShopUITests */,
			);
		};
/* End PBXProject section */

/* Begin PBXResourcesBuildPhase section */
		AA8B4ADF2268C5AA00B9DE15 /* Resources */ = {
			isa = PBXResourcesBuildPhase;
			buildActionMask = 2147483647;
			files = (
				842BF7C3228E78E300E9499D /* Registration.storyboard in Resources */,
				AA8B4AEF2268C5AC00B9DE15 /* LaunchScreen.storyboard in Resources */,
				842BF7CF228E803800E9499D /* Login.storyboard in Resources */,
				AAFB9DBD228160F500DD5B22 /* .empty1 in Resources */,
				AA8B4AEC2268C5AC00B9DE15 /* Assets.xcassets in Resources */,
				AAE88AD02273136F006AF755 /* .empty in Resources */,
			);
			runOnlyForDeploymentPostprocessing = 0;
		};
		AA8B4AF32268C5AC00B9DE15 /* Resources */ = {
			isa = PBXResourcesBuildPhase;
			buildActionMask = 2147483647;
			files = (
			);
			runOnlyForDeploymentPostprocessing = 0;
		};
		AA8B4AFE2268C5AC00B9DE15 /* Resources */ = {
			isa = PBXResourcesBuildPhase;
			buildActionMask = 2147483647;
			files = (
			);
			runOnlyForDeploymentPostprocessing = 0;
		};
/* End PBXResourcesBuildPhase section */

/* Begin PBXShellScriptBuildPhase section */
		7C3E70E245A9AD396CF9FDDA /* [CP] Check Pods Manifest.lock */ = {
			isa = PBXShellScriptBuildPhase;
			buildActionMask = 2147483647;
			files = (
			);
			inputFileListPaths = (
			);
			inputPaths = (
				"${PODS_PODFILE_DIR_PATH}/Podfile.lock",
				"${PODS_ROOT}/Manifest.lock",
			);
			name = "[CP] Check Pods Manifest.lock";
			outputFileListPaths = (
			);
			outputPaths = (
				"$(DERIVED_FILE_DIR)/Pods-GBShopUITests-checkManifestLockResult.txt",
			);
			runOnlyForDeploymentPostprocessing = 0;
			shellPath = /bin/sh;
			shellScript = "diff \"${PODS_PODFILE_DIR_PATH}/Podfile.lock\" \"${PODS_ROOT}/Manifest.lock\" > /dev/null\nif [ $? != 0 ] ; then\n    # print error to STDERR\n    echo \"error: The sandbox is not in sync with the Podfile.lock. Run 'pod install' or update your CocoaPods installation.\" >&2\n    exit 1\nfi\n# This output is used by Xcode 'outputs' to avoid re-running this script phase.\necho \"SUCCESS\" > \"${SCRIPT_OUTPUT_FILE_0}\"\n";
			showEnvVarsInLog = 0;
		};
		8C25F33A4ECF5C80D99E4F54 /* [CP] Check Pods Manifest.lock */ = {
			isa = PBXShellScriptBuildPhase;
			buildActionMask = 2147483647;
			files = (
			);
			inputFileListPaths = (
			);
			inputPaths = (
				"${PODS_PODFILE_DIR_PATH}/Podfile.lock",
				"${PODS_ROOT}/Manifest.lock",
			);
			name = "[CP] Check Pods Manifest.lock";
			outputFileListPaths = (
			);
			outputPaths = (
				"$(DERIVED_FILE_DIR)/Pods-GBShop-checkManifestLockResult.txt",
			);
			runOnlyForDeploymentPostprocessing = 0;
			shellPath = /bin/sh;
			shellScript = "diff \"${PODS_PODFILE_DIR_PATH}/Podfile.lock\" \"${PODS_ROOT}/Manifest.lock\" > /dev/null\nif [ $? != 0 ] ; then\n    # print error to STDERR\n    echo \"error: The sandbox is not in sync with the Podfile.lock. Run 'pod install' or update your CocoaPods installation.\" >&2\n    exit 1\nfi\n# This output is used by Xcode 'outputs' to avoid re-running this script phase.\necho \"SUCCESS\" > \"${SCRIPT_OUTPUT_FILE_0}\"\n";
			showEnvVarsInLog = 0;
		};
		C596A356045C5C74E372D350 /* [CP] Check Pods Manifest.lock */ = {
			isa = PBXShellScriptBuildPhase;
			buildActionMask = 2147483647;
			files = (
			);
			inputFileListPaths = (
			);
			inputPaths = (
				"${PODS_PODFILE_DIR_PATH}/Podfile.lock",
				"${PODS_ROOT}/Manifest.lock",
			);
			name = "[CP] Check Pods Manifest.lock";
			outputFileListPaths = (
			);
			outputPaths = (
				"$(DERIVED_FILE_DIR)/Pods-GBShopTests-checkManifestLockResult.txt",
			);
			runOnlyForDeploymentPostprocessing = 0;
			shellPath = /bin/sh;
			shellScript = "diff \"${PODS_PODFILE_DIR_PATH}/Podfile.lock\" \"${PODS_ROOT}/Manifest.lock\" > /dev/null\nif [ $? != 0 ] ; then\n    # print error to STDERR\n    echo \"error: The sandbox is not in sync with the Podfile.lock. Run 'pod install' or update your CocoaPods installation.\" >&2\n    exit 1\nfi\n# This output is used by Xcode 'outputs' to avoid re-running this script phase.\necho \"SUCCESS\" > \"${SCRIPT_OUTPUT_FILE_0}\"\n";
			showEnvVarsInLog = 0;
		};
		DC58FEC16472F169633F2BC5 /* [CP] Embed Pods Frameworks */ = {
			isa = PBXShellScriptBuildPhase;
			buildActionMask = 2147483647;
			files = (
			);
			inputFileListPaths = (
			);
			inputPaths = (
				"${PODS_ROOT}/Target Support Files/Pods-GBShop/Pods-GBShop-frameworks.sh",
				"${BUILT_PRODUCTS_DIR}/Alamofire/Alamofire.framework",
				"${BUILT_PRODUCTS_DIR}/IQKeyboardManagerSwift/IQKeyboardManagerSwift.framework",
				"${BUILT_PRODUCTS_DIR}/Swinject/Swinject.framework",
			);
			name = "[CP] Embed Pods Frameworks";
			outputFileListPaths = (
			);
			outputPaths = (
				"${TARGET_BUILD_DIR}/${FRAMEWORKS_FOLDER_PATH}/Alamofire.framework",
				"${TARGET_BUILD_DIR}/${FRAMEWORKS_FOLDER_PATH}/IQKeyboardManagerSwift.framework",
				"${TARGET_BUILD_DIR}/${FRAMEWORKS_FOLDER_PATH}/Swinject.framework",
			);
			runOnlyForDeploymentPostprocessing = 0;
			shellPath = /bin/sh;
			shellScript = "\"${PODS_ROOT}/Target Support Files/Pods-GBShop/Pods-GBShop-frameworks.sh\"\n";
			showEnvVarsInLog = 0;
		};
/* End PBXShellScriptBuildPhase section */

/* Begin PBXSourcesBuildPhase section */
		AA8B4ADD2268C5AA00B9DE15 /* Sources */ = {
			isa = PBXSourcesBuildPhase;
			buildActionMask = 2147483647;
			files = (
				842BF7D8228E850D00E9499D /* LoginPresenterProtocol.swift in Sources */,
				AAFB9DB822815C3600DD5B22 /* RemoveReviewRequestFactory.swift in Sources */,
				842BF7DA228E851900E9499D /* LoginPresenter.swift in Sources */,
				AAFB9DAD22815BBE00DD5B22 /* AddReviewRequest.swift in Sources */,
				AAE88AB6227310DA006AF755 /* ProductRequestFactory.swift in Sources */,
				842ABF50226DCBFF0039AAB5 /* RequestFactory.swift in Sources */,
				AAFB9DAA22815B3F00DD5B22 /* ReviewsResult.swift in Sources */,
				843080CA2289303400E02F95 /* DeleteFromBasketResult.swift in Sources */,
				842ABF49226DC6640039AAB5 /* LoginResult.swift in Sources */,
				843080C62289301500E02F95 /* DeleteFromBasketRequestFactory.swift in Sources */,
				AA8B4AE52268C5AA00B9DE15 /* AppDelegate.swift in Sources */,
				842ABF5F226EC9FB0039AAB5 /* ChangeProfileResult.swift in Sources */,
				AAFB9DB622815C2100DD5B22 /* RemoveReviewRequest.swift in Sources */,
				842BF7CC228E7D4E00E9499D /* RegistrationResult.swift in Sources */,
				842BF7C8228E7CC100E9499D /* RegistrationRequestFactory.swift in Sources */,
				842BF7CA228E7CD300E9499D /* RegistrationRequest.swift in Sources */,
				842ABF52226DD0CD0039AAB5 /* Logout.swift in Sources */,
				843080BC22892FC100E02F95 /* GetBasketRequest.swift in Sources */,
				843080C42289300E00E02F95 /* DeleteFromBasketRequest.swift in Sources */,
				843080CC2289303C00E02F95 /* GetBasketResult.swift in Sources */,
				842ABF47226DBC010039AAB5 /* RequestRouter.swift in Sources */,
				842BF7E4228EBBD100E9499D /* RegistrationPresenter.swift in Sources */,
				AAFB9DA622815AE600DD5B22 /* ReviewsRequest.swift in Sources */,
				AAFB9DB322815BFE00DD5B22 /* RemoveReviewResult.swift in Sources */,
				AAE88AB92273117D006AF755 /* CatalogData.swift in Sources */,
				842BF7E7228ECB1000E9499D /* LoginModel.swift in Sources */,
				842ABF4C226DCAD20039AAB5 /* LoginRequestFactory.swift in Sources */,
				AAFB9DB122815BE700DD5B22 /* AddReviewResult.swift in Sources */,
				AAFB9DAF22815BD200DD5B22 /* AddReviewRequestFactory.swift in Sources */,
				842ABF58226DD2180039AAB5 /* LogoutResult.swift in Sources */,
				842ABF5B226EC8B70039AAB5 /* ChangeProfile.swift in Sources */,
				843080C222892FFA00E02F95 /* AddToBasketRequestFactory.swift in Sources */,
				842ABF5D226EC8CB0039AAB5 /* ChangeProfileRequestFactory.swift in Sources */,
				AAE88ABB22731192006AF755 /* CatalogDataRequestFactory.swift in Sources */,
				842ABF43226DBA740039AAB5 /* ErrorParser.swift in Sources */,
				842BF7E2228EBBC400E9499D /* RegistrationPresenterProtocol.swift in Sources */,
				842BF7DF228EBAC100E9499D /* RegistrationViewProtocol.swift in Sources */,
				842ABF56226DD1680039AAB5 /* LogoutRequestFactory.swift in Sources */,
				842BF7D1228E804E00E9499D /* LoginViewController.swift in Sources */,
				AAE88ABD227311A4006AF755 /* CatalogDataResult.swift in Sources */,
				AAE88AB2227310B6006AF755 /* ProductResult.swift in Sources */,
				842ABF41226DBA4E0039AAB5 /* AbstractErrorParser.swift in Sources */,
				842BF7E9228ECCDA00E9499D /* RegistrationModel.swift in Sources */,
				AAFB9DA822815AFE00DD5B22 /* ReviewsRequestFactory.swift in Sources */,
				842ABF45226DBA9F0039AAB5 /* DataRequest.swift in Sources */,
				842BF7C5228E7AB000E9499D /* RegistrationViewController.swift in Sources */,
				843080C022892FF500E02F95 /* AddToBasketRequest.swift in Sources */,
				843080BE22892FDD00E02F95 /* GetBasketRequestFactory.swift in Sources */,
				842ABF4E226DCB2A0039AAB5 /* LoginRequest.swift in Sources */,
				AAE88AB4227310CB006AF755 /* ProductRequest.swift in Sources */,
				843080C82289302A00E02F95 /* AddToBasketResult.swift in Sources */,
				842BF7DC228E87D400E9499D /* LoginViewProtocol.swift in Sources */,
			);
			runOnlyForDeploymentPostprocessing = 0;
		};
		AA8B4AF12268C5AC00B9DE15 /* Sources */ = {
			isa = PBXSourcesBuildPhase;
			buildActionMask = 2147483647;
			files = (
				AAE88AC322731206006AF755 /* LoginTests.swift in Sources */,
				843080CE2289305200E02F95 /* BasketTests.swift in Sources */,
				AAFB9DBB22815C5D00DD5B22 /* ReviewsTests.swift in Sources */,
				AAE88ACC22731272006AF755 /* ChangeProfileTests.swift in Sources */,
				AAE88AC622731223006AF755 /* LogoutTests.swift in Sources */,
				AA8B4AFA2268C5AC00B9DE15 /* GBShopTests.swift in Sources */,
				AAE88AC0227311E8006AF755 /* ProductTests.swift in Sources */,
				AAE88AC922731249006AF755 /* CatalogDataTests.swift in Sources */,
			);
			runOnlyForDeploymentPostprocessing = 0;
		};
		AA8B4AFC2268C5AC00B9DE15 /* Sources */ = {
			isa = PBXSourcesBuildPhase;
			buildActionMask = 2147483647;
			files = (
				AA8B4B052268C5AC00B9DE15 /* GBShopUITests.swift in Sources */,
			);
			runOnlyForDeploymentPostprocessing = 0;
		};
/* End PBXSourcesBuildPhase section */

/* Begin PBXTargetDependency section */
		AA8B4AF72268C5AC00B9DE15 /* PBXTargetDependency */ = {
			isa = PBXTargetDependency;
			target = AA8B4AE02268C5AA00B9DE15 /* GBShop */;
			targetProxy = AA8B4AF62268C5AC00B9DE15 /* PBXContainerItemProxy */;
		};
		AA8B4B022268C5AC00B9DE15 /* PBXTargetDependency */ = {
			isa = PBXTargetDependency;
			target = AA8B4AE02268C5AA00B9DE15 /* GBShop */;
			targetProxy = AA8B4B012268C5AC00B9DE15 /* PBXContainerItemProxy */;
		};
/* End PBXTargetDependency section */

/* Begin PBXVariantGroup section */
		AA8B4AED2268C5AC00B9DE15 /* LaunchScreen.storyboard */ = {
			isa = PBXVariantGroup;
			children = (
				AA8B4AEE2268C5AC00B9DE15 /* Base */,
			);
			name = LaunchScreen.storyboard;
			sourceTree = "<group>";
		};
/* End PBXVariantGroup section */

/* Begin XCBuildConfiguration section */
		AA8B4B072268C5AC00B9DE15 /* Debug */ = {
			isa = XCBuildConfiguration;
			buildSettings = {
				ALWAYS_SEARCH_USER_PATHS = NO;
				CLANG_ANALYZER_NONNULL = YES;
				CLANG_ANALYZER_NUMBER_OBJECT_CONVERSION = YES_AGGRESSIVE;
				CLANG_CXX_LANGUAGE_STANDARD = "gnu++14";
				CLANG_CXX_LIBRARY = "libc++";
				CLANG_ENABLE_MODULES = YES;
				CLANG_ENABLE_OBJC_ARC = YES;
				CLANG_ENABLE_OBJC_WEAK = YES;
				CLANG_WARN_BLOCK_CAPTURE_AUTORELEASING = YES;
				CLANG_WARN_BOOL_CONVERSION = YES;
				CLANG_WARN_COMMA = YES;
				CLANG_WARN_CONSTANT_CONVERSION = YES;
				CLANG_WARN_DEPRECATED_OBJC_IMPLEMENTATIONS = YES;
				CLANG_WARN_DIRECT_OBJC_ISA_USAGE = YES_ERROR;
				CLANG_WARN_DOCUMENTATION_COMMENTS = YES;
				CLANG_WARN_EMPTY_BODY = YES;
				CLANG_WARN_ENUM_CONVERSION = YES;
				CLANG_WARN_INFINITE_RECURSION = YES;
				CLANG_WARN_INT_CONVERSION = YES;
				CLANG_WARN_NON_LITERAL_NULL_CONVERSION = YES;
				CLANG_WARN_OBJC_IMPLICIT_RETAIN_SELF = YES;
				CLANG_WARN_OBJC_LITERAL_CONVERSION = YES;
				CLANG_WARN_OBJC_ROOT_CLASS = YES_ERROR;
				CLANG_WARN_RANGE_LOOP_ANALYSIS = YES;
				CLANG_WARN_STRICT_PROTOTYPES = YES;
				CLANG_WARN_SUSPICIOUS_MOVE = YES;
				CLANG_WARN_UNGUARDED_AVAILABILITY = YES_AGGRESSIVE;
				CLANG_WARN_UNREACHABLE_CODE = YES;
				CLANG_WARN__DUPLICATE_METHOD_MATCH = YES;
				CODE_SIGN_IDENTITY = "iPhone Developer";
				COPY_PHASE_STRIP = NO;
				DEBUG_INFORMATION_FORMAT = dwarf;
				ENABLE_STRICT_OBJC_MSGSEND = YES;
				ENABLE_TESTABILITY = YES;
				GCC_C_LANGUAGE_STANDARD = gnu11;
				GCC_DYNAMIC_NO_PIC = NO;
				GCC_NO_COMMON_BLOCKS = YES;
				GCC_OPTIMIZATION_LEVEL = 0;
				GCC_PREPROCESSOR_DEFINITIONS = (
					"DEBUG=1",
					"$(inherited)",
				);
				GCC_WARN_64_TO_32_BIT_CONVERSION = YES;
				GCC_WARN_ABOUT_RETURN_TYPE = YES_ERROR;
				GCC_WARN_UNDECLARED_SELECTOR = YES;
				GCC_WARN_UNINITIALIZED_AUTOS = YES_AGGRESSIVE;
				GCC_WARN_UNUSED_FUNCTION = YES;
				GCC_WARN_UNUSED_VARIABLE = YES;
				IPHONEOS_DEPLOYMENT_TARGET = 12.1;
				MTL_ENABLE_DEBUG_INFO = INCLUDE_SOURCE;
				MTL_FAST_MATH = YES;
				ONLY_ACTIVE_ARCH = YES;
				SDKROOT = iphoneos;
				SWIFT_ACTIVE_COMPILATION_CONDITIONS = DEBUG;
				SWIFT_OPTIMIZATION_LEVEL = "-Onone";
			};
			name = Debug;
		};
		AA8B4B082268C5AC00B9DE15 /* Release */ = {
			isa = XCBuildConfiguration;
			buildSettings = {
				ALWAYS_SEARCH_USER_PATHS = NO;
				CLANG_ANALYZER_NONNULL = YES;
				CLANG_ANALYZER_NUMBER_OBJECT_CONVERSION = YES_AGGRESSIVE;
				CLANG_CXX_LANGUAGE_STANDARD = "gnu++14";
				CLANG_CXX_LIBRARY = "libc++";
				CLANG_ENABLE_MODULES = YES;
				CLANG_ENABLE_OBJC_ARC = YES;
				CLANG_ENABLE_OBJC_WEAK = YES;
				CLANG_WARN_BLOCK_CAPTURE_AUTORELEASING = YES;
				CLANG_WARN_BOOL_CONVERSION = YES;
				CLANG_WARN_COMMA = YES;
				CLANG_WARN_CONSTANT_CONVERSION = YES;
				CLANG_WARN_DEPRECATED_OBJC_IMPLEMENTATIONS = YES;
				CLANG_WARN_DIRECT_OBJC_ISA_USAGE = YES_ERROR;
				CLANG_WARN_DOCUMENTATION_COMMENTS = YES;
				CLANG_WARN_EMPTY_BODY = YES;
				CLANG_WARN_ENUM_CONVERSION = YES;
				CLANG_WARN_INFINITE_RECURSION = YES;
				CLANG_WARN_INT_CONVERSION = YES;
				CLANG_WARN_NON_LITERAL_NULL_CONVERSION = YES;
				CLANG_WARN_OBJC_IMPLICIT_RETAIN_SELF = YES;
				CLANG_WARN_OBJC_LITERAL_CONVERSION = YES;
				CLANG_WARN_OBJC_ROOT_CLASS = YES_ERROR;
				CLANG_WARN_RANGE_LOOP_ANALYSIS = YES;
				CLANG_WARN_STRICT_PROTOTYPES = YES;
				CLANG_WARN_SUSPICIOUS_MOVE = YES;
				CLANG_WARN_UNGUARDED_AVAILABILITY = YES_AGGRESSIVE;
				CLANG_WARN_UNREACHABLE_CODE = YES;
				CLANG_WARN__DUPLICATE_METHOD_MATCH = YES;
				CODE_SIGN_IDENTITY = "iPhone Developer";
				COPY_PHASE_STRIP = NO;
				DEBUG_INFORMATION_FORMAT = "dwarf-with-dsym";
				ENABLE_NS_ASSERTIONS = NO;
				ENABLE_STRICT_OBJC_MSGSEND = YES;
				GCC_C_LANGUAGE_STANDARD = gnu11;
				GCC_NO_COMMON_BLOCKS = YES;
				GCC_WARN_64_TO_32_BIT_CONVERSION = YES;
				GCC_WARN_ABOUT_RETURN_TYPE = YES_ERROR;
				GCC_WARN_UNDECLARED_SELECTOR = YES;
				GCC_WARN_UNINITIALIZED_AUTOS = YES_AGGRESSIVE;
				GCC_WARN_UNUSED_FUNCTION = YES;
				GCC_WARN_UNUSED_VARIABLE = YES;
				IPHONEOS_DEPLOYMENT_TARGET = 12.1;
				MTL_ENABLE_DEBUG_INFO = NO;
				MTL_FAST_MATH = YES;
				SDKROOT = iphoneos;
				SWIFT_COMPILATION_MODE = wholemodule;
				SWIFT_OPTIMIZATION_LEVEL = "-O";
				VALIDATE_PRODUCT = YES;
			};
			name = Release;
		};
		AA8B4B0A2268C5AC00B9DE15 /* Debug */ = {
			isa = XCBuildConfiguration;
			baseConfigurationReference = 4407675F79452E8E709B83B2 /* Pods-GBShop.debug.xcconfig */;
			buildSettings = {
				ASSETCATALOG_COMPILER_APPICON_NAME = AppIcon;
				CODE_SIGN_STYLE = Automatic;
				DEVELOPMENT_TEAM = 7J4TANDD7J;
				INFOPLIST_FILE = GBShop/Environments/Info.plist;
				LD_RUNPATH_SEARCH_PATHS = (
					"$(inherited)",
					"@executable_path/Frameworks",
				);
				PRODUCT_BUNDLE_IDENTIFIER = ru.marat.homework.GBShop;
				PRODUCT_NAME = "$(TARGET_NAME)";
				SWIFT_VERSION = 4.2;
				TARGETED_DEVICE_FAMILY = "1,2";
			};
			name = Debug;
		};
		AA8B4B0B2268C5AC00B9DE15 /* Release */ = {
			isa = XCBuildConfiguration;
			baseConfigurationReference = BCCAA5F5FDE134834B4444FE /* Pods-GBShop.release.xcconfig */;
			buildSettings = {
				ASSETCATALOG_COMPILER_APPICON_NAME = AppIcon;
				CODE_SIGN_STYLE = Automatic;
				DEVELOPMENT_TEAM = 7J4TANDD7J;
				INFOPLIST_FILE = GBShop/Environments/Info.plist;
				LD_RUNPATH_SEARCH_PATHS = (
					"$(inherited)",
					"@executable_path/Frameworks",
				);
				PRODUCT_BUNDLE_IDENTIFIER = ru.marat.homework.GBShop;
				PRODUCT_NAME = "$(TARGET_NAME)";
				SWIFT_VERSION = 4.2;
				TARGETED_DEVICE_FAMILY = "1,2";
			};
			name = Release;
		};
		AA8B4B0D2268C5AC00B9DE15 /* Debug */ = {
			isa = XCBuildConfiguration;
			baseConfigurationReference = 66D4BE282B5F76D572CB120B /* Pods-GBShopTests.debug.xcconfig */;
			buildSettings = {
				ALWAYS_EMBED_SWIFT_STANDARD_LIBRARIES = YES;
				BUNDLE_LOADER = "$(TEST_HOST)";
				CODE_SIGN_STYLE = Automatic;
				DEVELOPMENT_TEAM = 7J4TANDD7J;
				INFOPLIST_FILE = GBShopTests/Info.plist;
				LD_RUNPATH_SEARCH_PATHS = (
					"$(inherited)",
					"@executable_path/Frameworks",
					"@loader_path/Frameworks",
				);
				PRODUCT_BUNDLE_IDENTIFIER = ru.marat.homework.GBShopTests;
				PRODUCT_NAME = "$(TARGET_NAME)";
				SWIFT_VERSION = 4.2;
				TARGETED_DEVICE_FAMILY = "1,2";
				TEST_HOST = "$(BUILT_PRODUCTS_DIR)/GBShop.app/GBShop";
			};
			name = Debug;
		};
		AA8B4B0E2268C5AC00B9DE15 /* Release */ = {
			isa = XCBuildConfiguration;
			baseConfigurationReference = 140367F5C7441B33CB78491E /* Pods-GBShopTests.release.xcconfig */;
			buildSettings = {
				ALWAYS_EMBED_SWIFT_STANDARD_LIBRARIES = YES;
				BUNDLE_LOADER = "$(TEST_HOST)";
				CODE_SIGN_STYLE = Automatic;
				DEVELOPMENT_TEAM = 7J4TANDD7J;
				INFOPLIST_FILE = GBShopTests/Info.plist;
				LD_RUNPATH_SEARCH_PATHS = (
					"$(inherited)",
					"@executable_path/Frameworks",
					"@loader_path/Frameworks",
				);
				PRODUCT_BUNDLE_IDENTIFIER = ru.marat.homework.GBShopTests;
				PRODUCT_NAME = "$(TARGET_NAME)";
				SWIFT_VERSION = 4.2;
				TARGETED_DEVICE_FAMILY = "1,2";
				TEST_HOST = "$(BUILT_PRODUCTS_DIR)/GBShop.app/GBShop";
			};
			name = Release;
		};
		AA8B4B102268C5AC00B9DE15 /* Debug */ = {
			isa = XCBuildConfiguration;
			baseConfigurationReference = 523DF1F598ECE0FF265A1B63 /* Pods-GBShopUITests.debug.xcconfig */;
			buildSettings = {
				ALWAYS_EMBED_SWIFT_STANDARD_LIBRARIES = YES;
				CODE_SIGN_STYLE = Automatic;
				DEVELOPMENT_TEAM = 7J4TANDD7J;
				INFOPLIST_FILE = GBShopUITests/Info.plist;
				LD_RUNPATH_SEARCH_PATHS = (
					"$(inherited)",
					"@executable_path/Frameworks",
					"@loader_path/Frameworks",
				);
				PRODUCT_BUNDLE_IDENTIFIER = ru.marat.homework.GBShopUITests;
				PRODUCT_NAME = "$(TARGET_NAME)";
				SWIFT_VERSION = 4.2;
				TARGETED_DEVICE_FAMILY = "1,2";
				TEST_TARGET_NAME = GBShop;
			};
			name = Debug;
		};
		AA8B4B112268C5AC00B9DE15 /* Release */ = {
			isa = XCBuildConfiguration;
			baseConfigurationReference = 41AE15CF65F1463B82FE7AF4 /* Pods-GBShopUITests.release.xcconfig */;
			buildSettings = {
				ALWAYS_EMBED_SWIFT_STANDARD_LIBRARIES = YES;
				CODE_SIGN_STYLE = Automatic;
				DEVELOPMENT_TEAM = 7J4TANDD7J;
				INFOPLIST_FILE = GBShopUITests/Info.plist;
				LD_RUNPATH_SEARCH_PATHS = (
					"$(inherited)",
					"@executable_path/Frameworks",
					"@loader_path/Frameworks",
				);
				PRODUCT_BUNDLE_IDENTIFIER = ru.marat.homework.GBShopUITests;
				PRODUCT_NAME = "$(TARGET_NAME)";
				SWIFT_VERSION = 4.2;
				TARGETED_DEVICE_FAMILY = "1,2";
				TEST_TARGET_NAME = GBShop;
			};
			name = Release;
		};
/* End XCBuildConfiguration section */

/* Begin XCConfigurationList section */
		AA8B4ADC2268C5AA00B9DE15 /* Build configuration list for PBXProject "GBShop" */ = {
			isa = XCConfigurationList;
			buildConfigurations = (
				AA8B4B072268C5AC00B9DE15 /* Debug */,
				AA8B4B082268C5AC00B9DE15 /* Release */,
			);
			defaultConfigurationIsVisible = 0;
			defaultConfigurationName = Release;
		};
		AA8B4B092268C5AC00B9DE15 /* Build configuration list for PBXNativeTarget "GBShop" */ = {
			isa = XCConfigurationList;
			buildConfigurations = (
				AA8B4B0A2268C5AC00B9DE15 /* Debug */,
				AA8B4B0B2268C5AC00B9DE15 /* Release */,
			);
			defaultConfigurationIsVisible = 0;
			defaultConfigurationName = Release;
		};
		AA8B4B0C2268C5AC00B9DE15 /* Build configuration list for PBXNativeTarget "GBShopTests" */ = {
			isa = XCConfigurationList;
			buildConfigurations = (
				AA8B4B0D2268C5AC00B9DE15 /* Debug */,
				AA8B4B0E2268C5AC00B9DE15 /* Release */,
			);
			defaultConfigurationIsVisible = 0;
			defaultConfigurationName = Release;
		};
		AA8B4B0F2268C5AC00B9DE15 /* Build configuration list for PBXNativeTarget "GBShopUITests" */ = {
			isa = XCConfigurationList;
			buildConfigurations = (
				AA8B4B102268C5AC00B9DE15 /* Debug */,
				AA8B4B112268C5AC00B9DE15 /* Release */,
			);
			defaultConfigurationIsVisible = 0;
			defaultConfigurationName = Release;
		};
/* End XCConfigurationList section */
	};
	rootObject = AA8B4AD92268C5AA00B9DE15 /* Project object */;
}
